// !$*UTF8*$!
{
	archiveVersion = 1;
	classes = {
	};
	objectVersion = 55;
	objects = {

/* Begin PBXBuildFile section */
		00A4791B2864AFE500F92407 /* TabBarViewController.swift in Sources */ = {isa = PBXBuildFile; fileRef = 00A4791A2864AFE500F92407 /* TabBarViewController.swift */; };
		00A4791D2864B05400F92407 /* SearchViewController.swift in Sources */ = {isa = PBXBuildFile; fileRef = 00A4791C2864B05400F92407 /* SearchViewController.swift */; };
		00A4791F2864B07E00F92407 /* LibraryViewController.swift in Sources */ = {isa = PBXBuildFile; fileRef = 00A4791E2864B07E00F92407 /* LibraryViewController.swift */; };
		00A479232864B11C00F92407 /* AuthViewController.swift in Sources */ = {isa = PBXBuildFile; fileRef = 00A479222864B11C00F92407 /* AuthViewController.swift */; };
		00A479252864B12700F92407 /* WelcomeViewController.swift in Sources */ = {isa = PBXBuildFile; fileRef = 00A479242864B12700F92407 /* WelcomeViewController.swift */; };
		00A479272864B13300F92407 /* SettingsViewController.swift in Sources */ = {isa = PBXBuildFile; fileRef = 00A479262864B13300F92407 /* SettingsViewController.swift */; };
		00A479292864B13D00F92407 /* ProfileViewController.swift in Sources */ = {isa = PBXBuildFile; fileRef = 00A479282864B13D00F92407 /* ProfileViewController.swift */; };
		00A4792B2864B14900F92407 /* PlayerViewController.swift in Sources */ = {isa = PBXBuildFile; fileRef = 00A4792A2864B14900F92407 /* PlayerViewController.swift */; };
		00A4792D2864B15500F92407 /* PlaylistViewController.swift in Sources */ = {isa = PBXBuildFile; fileRef = 00A4792C2864B15500F92407 /* PlaylistViewController.swift */; };
		00A4792F2864B16700F92407 /* SearchResultsViewController.swift in Sources */ = {isa = PBXBuildFile; fileRef = 00A4792E2864B16700F92407 /* SearchResultsViewController.swift */; };
		00A479312864B1AA00F92407 /* AuthManager.swift in Sources */ = {isa = PBXBuildFile; fileRef = 00A479302864B1AA00F92407 /* AuthManager.swift */; };
		00A479332864B1B300F92407 /* ApiCaller.swift in Sources */ = {isa = PBXBuildFile; fileRef = 00A479322864B1B300F92407 /* ApiCaller.swift */; };
		00A479352864B1BA00F92407 /* Haptics.swift in Sources */ = {isa = PBXBuildFile; fileRef = 00A479342864B1BA00F92407 /* Haptics.swift */; };
		00F2784328635A4500EFA1BC /* AppDelegate.swift in Sources */ = {isa = PBXBuildFile; fileRef = 00F2784228635A4500EFA1BC /* AppDelegate.swift */; };
		00F2784528635A4500EFA1BC /* SceneDelegate.swift in Sources */ = {isa = PBXBuildFile; fileRef = 00F2784428635A4500EFA1BC /* SceneDelegate.swift */; };
		00F2784728635A4500EFA1BC /* HomeViewController.swift in Sources */ = {isa = PBXBuildFile; fileRef = 00F2784628635A4500EFA1BC /* HomeViewController.swift */; };
		00F2784C28635A4700EFA1BC /* Assets.xcassets in Resources */ = {isa = PBXBuildFile; fileRef = 00F2784B28635A4700EFA1BC /* Assets.xcassets */; };
		00F2784F28635A4700EFA1BC /* LaunchScreen.storyboard in Resources */ = {isa = PBXBuildFile; fileRef = 00F2784D28635A4700EFA1BC /* LaunchScreen.storyboard */; };
/* End PBXBuildFile section */

/* Begin PBXFileReference section */
		00A4791A2864AFE500F92407 /* TabBarViewController.swift */ = {isa = PBXFileReference; lastKnownFileType = sourcecode.swift; path = TabBarViewController.swift; sourceTree = "<group>"; };
		00A4791C2864B05400F92407 /* SearchViewController.swift */ = {isa = PBXFileReference; lastKnownFileType = sourcecode.swift; path = SearchViewController.swift; sourceTree = "<group>"; };
		00A4791E2864B07E00F92407 /* LibraryViewController.swift */ = {isa = PBXFileReference; lastKnownFileType = sourcecode.swift; path = LibraryViewController.swift; sourceTree = "<group>"; };
		00A479222864B11C00F92407 /* AuthViewController.swift */ = {isa = PBXFileReference; lastKnownFileType = sourcecode.swift; path = AuthViewController.swift; sourceTree = "<group>"; };
		00A479242864B12700F92407 /* WelcomeViewController.swift */ = {isa = PBXFileReference; lastKnownFileType = sourcecode.swift; path = WelcomeViewController.swift; sourceTree = "<group>"; };
		00A479262864B13300F92407 /* SettingsViewController.swift */ = {isa = PBXFileReference; lastKnownFileType = sourcecode.swift; path = SettingsViewController.swift; sourceTree = "<group>"; };
		00A479282864B13D00F92407 /* ProfileViewController.swift */ = {isa = PBXFileReference; lastKnownFileType = sourcecode.swift; path = ProfileViewController.swift; sourceTree = "<group>"; };
		00A4792A2864B14900F92407 /* PlayerViewController.swift */ = {isa = PBXFileReference; lastKnownFileType = sourcecode.swift; path = PlayerViewController.swift; sourceTree = "<group>"; };
		00A4792C2864B15500F92407 /* PlaylistViewController.swift */ = {isa = PBXFileReference; lastKnownFileType = sourcecode.swift; path = PlaylistViewController.swift; sourceTree = "<group>"; };
		00A4792E2864B16700F92407 /* SearchResultsViewController.swift */ = {isa = PBXFileReference; lastKnownFileType = sourcecode.swift; path = SearchResultsViewController.swift; sourceTree = "<group>"; };
		00A479302864B1AA00F92407 /* AuthManager.swift */ = {isa = PBXFileReference; lastKnownFileType = sourcecode.swift; path = AuthManager.swift; sourceTree = "<group>"; };
		00A479322864B1B300F92407 /* ApiCaller.swift */ = {isa = PBXFileReference; lastKnownFileType = sourcecode.swift; path = ApiCaller.swift; sourceTree = "<group>"; };
		00A479342864B1BA00F92407 /* Haptics.swift */ = {isa = PBXFileReference; lastKnownFileType = sourcecode.swift; path = Haptics.swift; sourceTree = "<group>"; };
		00F2783F28635A4500EFA1BC /* Spotify.app */ = {isa = PBXFileReference; explicitFileType = wrapper.application; includeInIndex = 0; path = Spotify.app; sourceTree = BUILT_PRODUCTS_DIR; };
		00F2784228635A4500EFA1BC /* AppDelegate.swift */ = {isa = PBXFileReference; lastKnownFileType = sourcecode.swift; path = AppDelegate.swift; sourceTree = "<group>"; };
		00F2784428635A4500EFA1BC /* SceneDelegate.swift */ = {isa = PBXFileReference; lastKnownFileType = sourcecode.swift; path = SceneDelegate.swift; sourceTree = "<group>"; };
		00F2784628635A4500EFA1BC /* HomeViewController.swift */ = {isa = PBXFileReference; lastKnownFileType = sourcecode.swift; path = HomeViewController.swift; sourceTree = "<group>"; };
		00F2784B28635A4700EFA1BC /* Assets.xcassets */ = {isa = PBXFileReference; lastKnownFileType = folder.assetcatalog; path = Assets.xcassets; sourceTree = "<group>"; };
		00F2784E28635A4700EFA1BC /* Base */ = {isa = PBXFileReference; lastKnownFileType = file.storyboard; name = Base; path = Base.lproj/LaunchScreen.storyboard; sourceTree = "<group>"; };
		00F2785028635A4700EFA1BC /* Info.plist */ = {isa = PBXFileReference; lastKnownFileType = text.plist.xml; path = Info.plist; sourceTree = "<group>"; };
/* End PBXFileReference section */

/* Begin PBXFrameworksBuildPhase section */
		00F2783C28635A4500EFA1BC /* Frameworks */ = {
			isa = PBXFrameworksBuildPhase;
			buildActionMask = 2147483647;
			files = (
			);
			runOnlyForDeploymentPostprocessing = 0;
		};
/* End PBXFrameworksBuildPhase section */

/* Begin PBXGroup section */
		00A479142864A3FE00F92407 /* Resources */ = {
			isa = PBXGroup;
			children = (
				00F2784B28635A4700EFA1BC /* Assets.xcassets */,
				00F2784228635A4500EFA1BC /* AppDelegate.swift */,
				00F2784428635A4500EFA1BC /* SceneDelegate.swift */,
			);
			path = Resources;
			sourceTree = "<group>";
		};
		00A479152864A45100F92407 /* Managers */ = {
			isa = PBXGroup;
			children = (
				00A479302864B1AA00F92407 /* AuthManager.swift */,
				00A479322864B1B300F92407 /* ApiCaller.swift */,
				00A479342864B1BA00F92407 /* Haptics.swift */,
			);
			path = Managers;
			sourceTree = "<group>";
		};
		00A479162864A45900F92407 /* ViewModels */ = {
			isa = PBXGroup;
			children = (
			);
			path = ViewModels;
			sourceTree = "<group>";
		};
		00A479172864A46000F92407 /* Models */ = {
			isa = PBXGroup;
			children = (
			);
			path = Models;
			sourceTree = "<group>";
		};
		00A479182864A46600F92407 /* Views */ = {
			isa = PBXGroup;
			children = (
				00F2784D28635A4700EFA1BC /* LaunchScreen.storyboard */,
			);
			path = Views;
			sourceTree = "<group>";
		};
		00A479192864A47600F92407 /* Controllers */ = {
			isa = PBXGroup;
			children = (
				00A479212864B10A00F92407 /* Other */,
				00A479202864B08600F92407 /* Core */,
			);
			path = Controllers;
			sourceTree = "<group>";
		};
		00A479202864B08600F92407 /* Core */ = {
			isa = PBXGroup;
			children = (
				00F2784628635A4500EFA1BC /* HomeViewController.swift */,
				00A4791A2864AFE500F92407 /* TabBarViewController.swift */,
				00A4791C2864B05400F92407 /* SearchViewController.swift */,
				00A4791E2864B07E00F92407 /* LibraryViewController.swift */,
			);
			path = Core;
			sourceTree = "<group>";
		};
		00A479212864B10A00F92407 /* Other */ = {
			isa = PBXGroup;
			children = (
				00A479222864B11C00F92407 /* AuthViewController.swift */,
				00A479242864B12700F92407 /* WelcomeViewController.swift */,
				00A479262864B13300F92407 /* SettingsViewController.swift */,
				00A479282864B13D00F92407 /* ProfileViewController.swift */,
				00A4792A2864B14900F92407 /* PlayerViewController.swift */,
				00A4792C2864B15500F92407 /* PlaylistViewController.swift */,
				00A4792E2864B16700F92407 /* SearchResultsViewController.swift */,
			);
			path = Other;
			sourceTree = "<group>";
		};
		00F2783628635A4500EFA1BC = {
			isa = PBXGroup;
			children = (
				00F2784128635A4500EFA1BC /* Spotify */,
				00F2784028635A4500EFA1BC /* Products */,
			);
			sourceTree = "<group>";
		};
		00F2784028635A4500EFA1BC /* Products */ = {
			isa = PBXGroup;
			children = (
				00F2783F28635A4500EFA1BC /* Spotify.app */,
			);
			name = Products;
			sourceTree = "<group>";
		};
		00F2784128635A4500EFA1BC /* Spotify */ = {
			isa = PBXGroup;
			children = (
				00A479192864A47600F92407 /* Controllers */,
				00A479182864A46600F92407 /* Views */,
				00A479172864A46000F92407 /* Models */,
				00A479162864A45900F92407 /* ViewModels */,
				00A479152864A45100F92407 /* Managers */,
				00A479142864A3FE00F92407 /* Resources */,
				00F2785028635A4700EFA1BC /* Info.plist */,
			);
			path = Spotify;
			sourceTree = "<group>";
		};
/* End PBXGroup section */

/* Begin PBXNativeTarget section */
		00F2783E28635A4500EFA1BC /* Spotify */ = {
			isa = PBXNativeTarget;
			buildConfigurationList = 00F2785328635A4700EFA1BC /* Build configuration list for PBXNativeTarget "Spotify" */;
			buildPhases = (
				00F2783B28635A4500EFA1BC /* Sources */,
				00F2783C28635A4500EFA1BC /* Frameworks */,
				00F2783D28635A4500EFA1BC /* Resources */,
			);
			buildRules = (
			);
			dependencies = (
			);
			name = Spotify;
			productName = Spotify;
			productReference = 00F2783F28635A4500EFA1BC /* Spotify.app */;
			productType = "com.apple.product-type.application";
		};
/* End PBXNativeTarget section */

/* Begin PBXProject section */
		00F2783728635A4500EFA1BC /* Project object */ = {
			isa = PBXProject;
			attributes = {
				BuildIndependentTargetsInParallel = 1;
				LastSwiftUpdateCheck = 1300;
				LastUpgradeCheck = 1300;
				TargetAttributes = {
					00F2783E28635A4500EFA1BC = {
						CreatedOnToolsVersion = 13.0;
					};
				};
			};
			buildConfigurationList = 00F2783A28635A4500EFA1BC /* Build configuration list for PBXProject "Spotify" */;
			compatibilityVersion = "Xcode 13.0";
			developmentRegion = en;
			hasScannedForEncodings = 0;
			knownRegions = (
				en,
				Base,
			);
			mainGroup = 00F2783628635A4500EFA1BC;
			productRefGroup = 00F2784028635A4500EFA1BC /* Products */;
			projectDirPath = "";
			projectRoot = "";
			targets = (
				00F2783E28635A4500EFA1BC /* Spotify */,
			);
		};
/* End PBXProject section */

/* Begin PBXResourcesBuildPhase section */
		00F2783D28635A4500EFA1BC /* Resources */ = {
			isa = PBXResourcesBuildPhase;
			buildActionMask = 2147483647;
			files = (
				00F2784F28635A4700EFA1BC /* LaunchScreen.storyboard in Resources */,
				00F2784C28635A4700EFA1BC /* Assets.xcassets in Resources */,
			);
			runOnlyForDeploymentPostprocessing = 0;
		};
/* End PBXResourcesBuildPhase section */

/* Begin PBXSourcesBuildPhase section */
		00F2783B28635A4500EFA1BC /* Sources */ = {
			isa = PBXSourcesBuildPhase;
			buildActionMask = 2147483647;
			files = (
				00A4791D2864B05400F92407 /* SearchViewController.swift in Sources */,
				00A4792F2864B16700F92407 /* SearchResultsViewController.swift in Sources */,
				00A479252864B12700F92407 /* WelcomeViewController.swift in Sources */,
				00A479292864B13D00F92407 /* ProfileViewController.swift in Sources */,
				00A479352864B1BA00F92407 /* Haptics.swift in Sources */,
				00A479332864B1B300F92407 /* ApiCaller.swift in Sources */,
				00F2784728635A4500EFA1BC /* HomeViewController.swift in Sources */,
				00A4791B2864AFE500F92407 /* TabBarViewController.swift in Sources */,
				00A479232864B11C00F92407 /* AuthViewController.swift in Sources */,
				00F2784328635A4500EFA1BC /* AppDelegate.swift in Sources */,
				00A4791F2864B07E00F92407 /* LibraryViewController.swift in Sources */,
				00A4792D2864B15500F92407 /* PlaylistViewController.swift in Sources */,
				00F2784528635A4500EFA1BC /* SceneDelegate.swift in Sources */,
				00A479312864B1AA00F92407 /* AuthManager.swift in Sources */,
				00A4792B2864B14900F92407 /* PlayerViewController.swift in Sources */,
				00A479272864B13300F92407 /* SettingsViewController.swift in Sources */,
			);
			runOnlyForDeploymentPostprocessing = 0;
		};
/* End PBXSourcesBuildPhase section */

/* Begin PBXVariantGroup section */
		00F2784D28635A4700EFA1BC /* LaunchScreen.storyboard */ = {
			isa = PBXVariantGroup;
			children = (
				00F2784E28635A4700EFA1BC /* Base */,
			);
			name = LaunchScreen.storyboard;
			sourceTree = "<group>";
		};
/* End PBXVariantGroup section */

/* Begin XCBuildConfiguration section */
		00F2785128635A4700EFA1BC /* Debug */ = {
			isa = XCBuildConfiguration;
			buildSettings = {
				ALWAYS_SEARCH_USER_PATHS = NO;
				CLANG_ANALYZER_NONNULL = YES;
				CLANG_ANALYZER_NUMBER_OBJECT_CONVERSION = YES_AGGRESSIVE;
				CLANG_CXX_LANGUAGE_STANDARD = "gnu++17";
				CLANG_CXX_LIBRARY = "libc++";
				CLANG_ENABLE_MODULES = YES;
				CLANG_ENABLE_OBJC_ARC = YES;
				CLANG_ENABLE_OBJC_WEAK = YES;
				CLANG_WARN_BLOCK_CAPTURE_AUTORELEASING = YES;
				CLANG_WARN_BOOL_CONVERSION = YES;
				CLANG_WARN_COMMA = YES;
				CLANG_WARN_CONSTANT_CONVERSION = YES;
				CLANG_WARN_DEPRECATED_OBJC_IMPLEMENTATIONS = YES;
				CLANG_WARN_DIRECT_OBJC_ISA_USAGE = YES_ERROR;
				CLANG_WARN_DOCUMENTATION_COMMENTS = YES;
				CLANG_WARN_EMPTY_BODY = YES;
				CLANG_WARN_ENUM_CONVERSION = YES;
				CLANG_WARN_INFINITE_RECURSION = YES;
				CLANG_WARN_INT_CONVERSION = YES;
				CLANG_WARN_NON_LITERAL_NULL_CONVERSION = YES;
				CLANG_WARN_OBJC_IMPLICIT_RETAIN_SELF = YES;
				CLANG_WARN_OBJC_LITERAL_CONVERSION = YES;
				CLANG_WARN_OBJC_ROOT_CLASS = YES_ERROR;
				CLANG_WARN_QUOTED_INCLUDE_IN_FRAMEWORK_HEADER = YES;
				CLANG_WARN_RANGE_LOOP_ANALYSIS = YES;
				CLANG_WARN_STRICT_PROTOTYPES = YES;
				CLANG_WARN_SUSPICIOUS_MOVE = YES;
				CLANG_WARN_UNGUARDED_AVAILABILITY = YES_AGGRESSIVE;
				CLANG_WARN_UNREACHABLE_CODE = YES;
				CLANG_WARN__DUPLICATE_METHOD_MATCH = YES;
				COPY_PHASE_STRIP = NO;
				DEBUG_INFORMATION_FORMAT = dwarf;
				ENABLE_STRICT_OBJC_MSGSEND = YES;
				ENABLE_TESTABILITY = YES;
				GCC_C_LANGUAGE_STANDARD = gnu11;
				GCC_DYNAMIC_NO_PIC = NO;
				GCC_NO_COMMON_BLOCKS = YES;
				GCC_OPTIMIZATION_LEVEL = 0;
				GCC_PREPROCESSOR_DEFINITIONS = (
					"DEBUG=1",
					"$(inherited)",
				);
				GCC_WARN_64_TO_32_BIT_CONVERSION = YES;
				GCC_WARN_ABOUT_RETURN_TYPE = YES_ERROR;
				GCC_WARN_UNDECLARED_SELECTOR = YES;
				GCC_WARN_UNINITIALIZED_AUTOS = YES_AGGRESSIVE;
				GCC_WARN_UNUSED_FUNCTION = YES;
				GCC_WARN_UNUSED_VARIABLE = YES;
				IPHONEOS_DEPLOYMENT_TARGET = 15.0;
				MTL_ENABLE_DEBUG_INFO = INCLUDE_SOURCE;
				MTL_FAST_MATH = YES;
				ONLY_ACTIVE_ARCH = YES;
				SDKROOT = iphoneos;
				SWIFT_ACTIVE_COMPILATION_CONDITIONS = DEBUG;
				SWIFT_OPTIMIZATION_LEVEL = "-Onone";
			};
			name = Debug;
		};
		00F2785228635A4700EFA1BC /* Release */ = {
			isa = XCBuildConfiguration;
			buildSettings = {
				ALWAYS_SEARCH_USER_PATHS = NO;
				CLANG_ANALYZER_NONNULL = YES;
				CLANG_ANALYZER_NUMBER_OBJECT_CONVERSION = YES_AGGRESSIVE;
				CLANG_CXX_LANGUAGE_STANDARD = "gnu++17";
				CLANG_CXX_LIBRARY = "libc++";
				CLANG_ENABLE_MODULES = YES;
				CLANG_ENABLE_OBJC_ARC = YES;
				CLANG_ENABLE_OBJC_WEAK = YES;
				CLANG_WARN_BLOCK_CAPTURE_AUTORELEASING = YES;
				CLANG_WARN_BOOL_CONVERSION = YES;
				CLANG_WARN_COMMA = YES;
				CLANG_WARN_CONSTANT_CONVERSION = YES;
				CLANG_WARN_DEPRECATED_OBJC_IMPLEMENTATIONS = YES;
				CLANG_WARN_DIRECT_OBJC_ISA_USAGE = YES_ERROR;
				CLANG_WARN_DOCUMENTATION_COMMENTS = YES;
				CLANG_WARN_EMPTY_BODY = YES;
				CLANG_WARN_ENUM_CONVERSION = YES;
				CLANG_WARN_INFINITE_RECURSION = YES;
				CLANG_WARN_INT_CONVERSION = YES;
				CLANG_WARN_NON_LITERAL_NULL_CONVERSION = YES;
				CLANG_WARN_OBJC_IMPLICIT_RETAIN_SELF = YES;
				CLANG_WARN_OBJC_LITERAL_CONVERSION = YES;
				CLANG_WARN_OBJC_ROOT_CLASS = YES_ERROR;
				CLANG_WARN_QUOTED_INCLUDE_IN_FRAMEWORK_HEADER = YES;
				CLANG_WARN_RANGE_LOOP_ANALYSIS = YES;
				CLANG_WARN_STRICT_PROTOTYPES = YES;
				CLANG_WARN_SUSPICIOUS_MOVE = YES;
				CLANG_WARN_UNGUARDED_AVAILABILITY = YES_AGGRESSIVE;
				CLANG_WARN_UNREACHABLE_CODE = YES;
				CLANG_WARN__DUPLICATE_METHOD_MATCH = YES;
				COPY_PHASE_STRIP = NO;
				DEBUG_INFORMATION_FORMAT = "dwarf-with-dsym";
				ENABLE_NS_ASSERTIONS = NO;
				ENABLE_STRICT_OBJC_MSGSEND = YES;
				GCC_C_LANGUAGE_STANDARD = gnu11;
				GCC_NO_COMMON_BLOCKS = YES;
				GCC_WARN_64_TO_32_BIT_CONVERSION = YES;
				GCC_WARN_ABOUT_RETURN_TYPE = YES_ERROR;
				GCC_WARN_UNDECLARED_SELECTOR = YES;
				GCC_WARN_UNINITIALIZED_AUTOS = YES_AGGRESSIVE;
				GCC_WARN_UNUSED_FUNCTION = YES;
				GCC_WARN_UNUSED_VARIABLE = YES;
				IPHONEOS_DEPLOYMENT_TARGET = 15.0;
				MTL_ENABLE_DEBUG_INFO = NO;
				MTL_FAST_MATH = YES;
				SDKROOT = iphoneos;
				SWIFT_COMPILATION_MODE = wholemodule;
				SWIFT_OPTIMIZATION_LEVEL = "-O";
				VALIDATE_PRODUCT = YES;
			};
			name = Release;
		};
		00F2785428635A4700EFA1BC /* Debug */ = {
			isa = XCBuildConfiguration;
			buildSettings = {
				ASSETCATALOG_COMPILER_APPICON_NAME = AppIcon;
				ASSETCATALOG_COMPILER_GLOBAL_ACCENT_COLOR_NAME = AccentColor;
				CODE_SIGN_STYLE = Automatic;
				CURRENT_PROJECT_VERSION = 1;
				DEVELOPMENT_TEAM = 86U3LK3Z76;
				GENERATE_INFOPLIST_FILE = YES;
				INFOPLIST_FILE = Spotify/Info.plist;
				INFOPLIST_KEY_UIApplicationSupportsIndirectInputEvents = YES;
				INFOPLIST_KEY_UILaunchStoryboardName = LaunchScreen;
				INFOPLIST_KEY_UISupportedInterfaceOrientations_iPad = "UIInterfaceOrientationPortrait UIInterfaceOrientationPortraitUpsideDown UIInterfaceOrientationLandscapeLeft UIInterfaceOrientationLandscapeRight";
				INFOPLIST_KEY_UISupportedInterfaceOrientations_iPhone = "UIInterfaceOrientationPortrait UIInterfaceOrientationLandscapeLeft UIInterfaceOrientationLandscapeRight";
				LD_RUNPATH_SEARCH_PATHS = (
					"$(inherited)",
					"@executable_path/Frameworks",
				);
				MARKETING_VERSION = 1.0;
				PRODUCT_BUNDLE_IDENTIFIER = com.sergioShaon.Spotify;
				PRODUCT_NAME = "$(TARGET_NAME)";
				SWIFT_EMIT_LOC_STRINGS = YES;
				SWIFT_VERSION = 5.0;
				TARGETED_DEVICE_FAMILY = "1,2";
			};
			name = Debug;
		};
		00F2785528635A4700EFA1BC /* Release */ = {
			isa = XCBuildConfiguration;
			buildSettings = {
				ASSETCATALOG_COMPILER_APPICON_NAME = AppIcon;
				ASSETCATALOG_COMPILER_GLOBAL_ACCENT_COLOR_NAME = AccentColor;
				CODE_SIGN_STYLE = Automatic;
				CURRENT_PROJECT_VERSION = 1;
				DEVELOPMENT_TEAM = 86U3LK3Z76;
				GENERATE_INFOPLIST_FILE = YES;
				INFOPLIST_FILE = Spotify/Info.plist;
				INFOPLIST_KEY_UIApplicationSupportsIndirectInputEvents = YES;
				INFOPLIST_KEY_UILaunchStoryboardName = LaunchScreen;
				INFOPLIST_KEY_UISupportedInterfaceOrientations_iPad = "UIInterfaceOrientationPortrait UIInterfaceOrientationPortraitUpsideDown UIInterfaceOrientationLandscapeLeft UIInterfaceOrientationLandscapeRight";
				INFOPLIST_KEY_UISupportedInterfaceOrientations_iPhone = "UIInterfaceOrientationPortrait UIInterfaceOrientationLandscapeLeft UIInterfaceOrientationLandscapeRight";
				LD_RUNPATH_SEARCH_PATHS = (
					"$(inherited)",
					"@executable_path/Frameworks",
				);
				MARKETING_VERSION = 1.0;
				PRODUCT_BUNDLE_IDENTIFIER = com.sergioShaon.Spotify;
				PRODUCT_NAME = "$(TARGET_NAME)";
				SWIFT_EMIT_LOC_STRINGS = YES;
				SWIFT_VERSION = 5.0;
				TARGETED_DEVICE_FAMILY = "1,2";
			};
			name = Release;
		};
/* End XCBuildConfiguration section */

/* Begin XCConfigurationList section */
		00F2783A28635A4500EFA1BC /* Build configuration list for PBXProject "Spotify" */ = {
			isa = XCConfigurationList;
			buildConfigurations = (
				00F2785128635A4700EFA1BC /* Debug */,
				00F2785228635A4700EFA1BC /* Release */,
			);
			defaultConfigurationIsVisible = 0;
			defaultConfigurationName = Release;
		};
		00F2785328635A4700EFA1BC /* Build configuration list for PBXNativeTarget "Spotify" */ = {
			isa = XCConfigurationList;
			buildConfigurations = (
				00F2785428635A4700EFA1BC /* Debug */,
				00F2785528635A4700EFA1BC /* Release */,
			);
			defaultConfigurationIsVisible = 0;
			defaultConfigurationName = Release;
		};
/* End XCConfigurationList section */
	};
	rootObject = 00F2783728635A4500EFA1BC /* Project object */;
}
